
Microsoft Visual Studio Solution File, Format Version 12.00
# Visual Studio 15
VisualStudioVersion = 15.0.27130.2027
MinimumVisualStudioVersion = 10.0.40219.1
Project("{9A19103F-16F7-4668-BE54-9A1E7A4F7556}") = "1.Snowballs", "Snowballs\1.Snowballs.csproj", "{2984D1CF-040E-4041-8114-16FE785418AE}"
EndProject
Project("{9A19103F-16F7-4668-BE54-9A1E7A4F7556}") = "2.Snowmen", "Snowmen\2.Snowmen.csproj", "{22897907-253A-4FF5-9F1F-75A9770AB657}"
EndProject
Project("{9A19103F-16F7-4668-BE54-9A1E7A4F7556}") = "1.SoftUni Coffee Orders", "SoftUni Coffee Orders\1.SoftUni Coffee Orders.csproj", "{1D8EC196-E2B6-4989-A207-21AD3354BBC3}"
EndProject
Project("{9A19103F-16F7-4668-BE54-9A1E7A4F7556}") = "3  Rage Quit", "Problem 3 – Rage Quit\3  Rage Quit.csproj", "{F561D3AC-5AEF-4740-9539-6536CDB25B78}"
EndProject
Project("{9A19103F-16F7-4668-BE54-9A1E7A4F7556}") = "4  Files no to do", "Problem 4. Files\4  Files no to do.csproj", "{83574958-29F5-4E83-AC53-E93AEB203920}"
EndProject
Project("{9A19103F-16F7-4668-BE54-9A1E7A4F7556}") = "2 Command Interpreter", "Command Interpreter\2 Command Interpreter.csproj", "{F8BD4239-04C9-442C-A025-590AD5373303}"
EndProject
Project("{9A19103F-16F7-4668-BE54-9A1E7A4F7556}") = "1 Poke Mon", "Problem 1. Poke Mon\1 Poke Mon.csproj", "{21F0261C-709A-41B2-A631-EC667ACD750D}"
EndProject
Project("{9A19103F-16F7-4668-BE54-9A1E7A4F7556}") = "2. Pokemon Don’t Go", "2. Pokemon Don’t Go\2. Pokemon Don’t Go.csproj", "{7E2C2E59-7159-4E92-B45B-043AC40634F4}"
EndProject
Project("{9A19103F-16F7-4668-BE54-9A1E7A4F7556}") = "3. Regexmon to do", "3. Regexmon\3. Regexmon to do.csproj", "{6CEB26BF-FE1D-44BC-B463-8F4F2C3144CE}"
EndProject
Project("{9A19103F-16F7-4668-BE54-9A1E7A4F7556}") = "1. Numbers", "1. Numbers\1. Numbers.csproj", "{CCE09B8F-3778-4A82-AC95-B675CFD4CBC8}"
EndProject
Project("{9A19103F-16F7-4668-BE54-9A1E7A4F7556}") = "3 Football Standings", "3 Football Standings\3 Football Standings.csproj", "{E1D5FCAA-2E3C-403E-9B72-5E4C1F7A1B6E}"
EndProject
Project("{9A19103F-16F7-4668-BE54-9A1E7A4F7556}") = "4. Trifon’s Quest to do", "4. Trifon’s Quest\4. Trifon’s Quest to do.csproj", "{3DF9E2E2-E5BF-4F0E-A4CA-B58A5AB3A174}"
EndProject
Project("{9A19103F-16F7-4668-BE54-9A1E7A4F7556}") = "1. Charity Marathon", "1. Charity Marathon\1. Charity Marathon.csproj", "{C10FDF84-DEBA-458E-97FC-36F4393BE4B6}"
EndProject
Project("{9A19103F-16F7-4668-BE54-9A1E7A4F7556}") = "2. Ladybugs", "2. Ladybugs\2. Ladybugs.csproj", "{55B23796-B3FB-4926-9567-9D948DEF1FBB}"
EndProject
Project("{9A19103F-16F7-4668-BE54-9A1E7A4F7556}") = "Nether Realms to do", "Nether Realms\Nether Realms to do.csproj", "{836D00C4-9D5B-4D3B-B5C3-CB298EC712D8}"
EndProject
Project("{9A19103F-16F7-4668-BE54-9A1E7A4F7556}") = "4. Roli - The Coder to do", "4. Roli - The Coder\4. Roli - The Coder to do.csproj", "{86E6793C-BC04-463E-8E46-648E8EE369A2}"
EndProject
Project("{9A19103F-16F7-4668-BE54-9A1E7A4F7556}") = "3 – Snowflake", "3 – Snowflake\3 – Snowflake.csproj", "{32350375-0962-4DC3-ABED-01558A35254A}"
EndProject
Project("{9A19103F-16F7-4668-BE54-9A1E7A4F7556}") = "4 – Snowwhite", "4 – Snowwhite\4 – Snowwhite.csproj", "{31CB31CE-E147-41DC-9235-C1A723A5B220}"
EndProject
Project("{9A19103F-16F7-4668-BE54-9A1E7A4F7556}") = "1  Raindrops", "1 – Raindrops\1  Raindrops.csproj", "{75A4DC59-73A8-4DA2-B83C-FCF46C2DCDCE}"
EndProject
Project("{9A19103F-16F7-4668-BE54-9A1E7A4F7556}") = "2 – Rainer", "2 – Rainer\2 – Rainer.csproj", "{71490581-5427-486A-BFB8-5107E49FB771}"
EndProject
Project("{9A19103F-16F7-4668-BE54-9A1E7A4F7556}") = "3 – Raincast", "3 – Raincast\3 – Raincast.csproj", "{D1E51995-8ECE-47A7-B080-3322636D17CD}"
EndProject
Project("{9A19103F-16F7-4668-BE54-9A1E7A4F7556}") = "4 – RainAir", "4 – RainAir\4 – RainAir.csproj", "{C6209BD3-ABEE-4313-9AB8-5114EDD6F4AF}"
EndProject
Project("{FAE04EC0-301F-11D3-BF4B-00C04F79EFBC}") = "1. Resurrection", "1. Resurrection\1. Resurrection.csproj", "{1F4F53A7-E9EF-40CD-85D9-DDD7EBB42C69}"
EndProject
Project("{FAE04EC0-301F-11D3-BF4B-00C04F79EFBC}") = "2. Icarus", "2. Icarus\2. Icarus.csproj", "{248DF0DF-B5B2-4D90-9063-E41ABF9453B9}"
EndProject
Global
	GlobalSection(SolutionConfigurationPlatforms) = preSolution
		Debug|Any CPU = Debug|Any CPU
		Release|Any CPU = Release|Any CPU
	EndGlobalSection
	GlobalSection(ProjectConfigurationPlatforms) = postSolution
		{2984D1CF-040E-4041-8114-16FE785418AE}.Debug|Any CPU.ActiveCfg = Debug|Any CPU
		{2984D1CF-040E-4041-8114-16FE785418AE}.Debug|Any CPU.Build.0 = Debug|Any CPU
		{2984D1CF-040E-4041-8114-16FE785418AE}.Release|Any CPU.ActiveCfg = Release|Any CPU
		{2984D1CF-040E-4041-8114-16FE785418AE}.Release|Any CPU.Build.0 = Release|Any CPU
		{22897907-253A-4FF5-9F1F-75A9770AB657}.Debug|Any CPU.ActiveCfg = Debug|Any CPU
		{22897907-253A-4FF5-9F1F-75A9770AB657}.Debug|Any CPU.Build.0 = Debug|Any CPU
		{22897907-253A-4FF5-9F1F-75A9770AB657}.Release|Any CPU.ActiveCfg = Release|Any CPU
		{22897907-253A-4FF5-9F1F-75A9770AB657}.Release|Any CPU.Build.0 = Release|Any CPU
		{1D8EC196-E2B6-4989-A207-21AD3354BBC3}.Debug|Any CPU.ActiveCfg = Debug|Any CPU
		{1D8EC196-E2B6-4989-A207-21AD3354BBC3}.Debug|Any CPU.Build.0 = Debug|Any CPU
		{1D8EC196-E2B6-4989-A207-21AD3354BBC3}.Release|Any CPU.ActiveCfg = Release|Any CPU
		{1D8EC196-E2B6-4989-A207-21AD3354BBC3}.Release|Any CPU.Build.0 = Release|Any CPU
		{F561D3AC-5AEF-4740-9539-6536CDB25B78}.Debug|Any CPU.ActiveCfg = Debug|Any CPU
		{F561D3AC-5AEF-4740-9539-6536CDB25B78}.Debug|Any CPU.Build.0 = Debug|Any CPU
		{F561D3AC-5AEF-4740-9539-6536CDB25B78}.Release|Any CPU.ActiveCfg = Release|Any CPU
		{F561D3AC-5AEF-4740-9539-6536CDB25B78}.Release|Any CPU.Build.0 = Release|Any CPU
		{83574958-29F5-4E83-AC53-E93AEB203920}.Debug|Any CPU.ActiveCfg = Debug|Any CPU
		{83574958-29F5-4E83-AC53-E93AEB203920}.Debug|Any CPU.Build.0 = Debug|Any CPU
		{83574958-29F5-4E83-AC53-E93AEB203920}.Release|Any CPU.ActiveCfg = Release|Any CPU
		{83574958-29F5-4E83-AC53-E93AEB203920}.Release|Any CPU.Build.0 = Release|Any CPU
		{F8BD4239-04C9-442C-A025-590AD5373303}.Debug|Any CPU.ActiveCfg = Debug|Any CPU
		{F8BD4239-04C9-442C-A025-590AD5373303}.Debug|Any CPU.Build.0 = Debug|Any CPU
		{F8BD4239-04C9-442C-A025-590AD5373303}.Release|Any CPU.ActiveCfg = Release|Any CPU
		{F8BD4239-04C9-442C-A025-590AD5373303}.Release|Any CPU.Build.0 = Release|Any CPU
		{21F0261C-709A-41B2-A631-EC667ACD750D}.Debug|Any CPU.ActiveCfg = Debug|Any CPU
		{21F0261C-709A-41B2-A631-EC667ACD750D}.Debug|Any CPU.Build.0 = Debug|Any CPU
		{21F0261C-709A-41B2-A631-EC667ACD750D}.Release|Any CPU.ActiveCfg = Release|Any CPU
		{21F0261C-709A-41B2-A631-EC667ACD750D}.Release|Any CPU.Build.0 = Release|Any CPU
		{7E2C2E59-7159-4E92-B45B-043AC40634F4}.Debug|Any CPU.ActiveCfg = Debug|Any CPU
		{7E2C2E59-7159-4E92-B45B-043AC40634F4}.Debug|Any CPU.Build.0 = Debug|Any CPU
		{7E2C2E59-7159-4E92-B45B-043AC40634F4}.Release|Any CPU.ActiveCfg = Release|Any CPU
		{7E2C2E59-7159-4E92-B45B-043AC40634F4}.Release|Any CPU.Build.0 = Release|Any CPU
		{6CEB26BF-FE1D-44BC-B463-8F4F2C3144CE}.Debug|Any CPU.ActiveCfg = Debug|Any CPU
		{6CEB26BF-FE1D-44BC-B463-8F4F2C3144CE}.Debug|Any CPU.Build.0 = Debug|Any CPU
		{6CEB26BF-FE1D-44BC-B463-8F4F2C3144CE}.Release|Any CPU.ActiveCfg = Release|Any CPU
		{6CEB26BF-FE1D-44BC-B463-8F4F2C3144CE}.Release|Any CPU.Build.0 = Release|Any CPU
		{CCE09B8F-3778-4A82-AC95-B675CFD4CBC8}.Debug|Any CPU.ActiveCfg = Debug|Any CPU
		{CCE09B8F-3778-4A82-AC95-B675CFD4CBC8}.Debug|Any CPU.Build.0 = Debug|Any CPU
		{CCE09B8F-3778-4A82-AC95-B675CFD4CBC8}.Release|Any CPU.ActiveCfg = Release|Any CPU
		{CCE09B8F-3778-4A82-AC95-B675CFD4CBC8}.Release|Any CPU.Build.0 = Release|Any CPU
		{E1D5FCAA-2E3C-403E-9B72-5E4C1F7A1B6E}.Debug|Any CPU.ActiveCfg = Debug|Any CPU
		{E1D5FCAA-2E3C-403E-9B72-5E4C1F7A1B6E}.Debug|Any CPU.Build.0 = Debug|Any CPU
		{E1D5FCAA-2E3C-403E-9B72-5E4C1F7A1B6E}.Release|Any CPU.ActiveCfg = Release|Any CPU
		{E1D5FCAA-2E3C-403E-9B72-5E4C1F7A1B6E}.Release|Any CPU.Build.0 = Release|Any CPU
		{3DF9E2E2-E5BF-4F0E-A4CA-B58A5AB3A174}.Debug|Any CPU.ActiveCfg = Debug|Any CPU
		{3DF9E2E2-E5BF-4F0E-A4CA-B58A5AB3A174}.Debug|Any CPU.Build.0 = Debug|Any CPU
		{3DF9E2E2-E5BF-4F0E-A4CA-B58A5AB3A174}.Release|Any CPU.ActiveCfg = Release|Any CPU
		{3DF9E2E2-E5BF-4F0E-A4CA-B58A5AB3A174}.Release|Any CPU.Build.0 = Release|Any CPU
		{C10FDF84-DEBA-458E-97FC-36F4393BE4B6}.Debug|Any CPU.ActiveCfg = Debug|Any CPU
		{C10FDF84-DEBA-458E-97FC-36F4393BE4B6}.Debug|Any CPU.Build.0 = Debug|Any CPU
		{C10FDF84-DEBA-458E-97FC-36F4393BE4B6}.Release|Any CPU.ActiveCfg = Release|Any CPU
		{C10FDF84-DEBA-458E-97FC-36F4393BE4B6}.Release|Any CPU.Build.0 = Release|Any CPU
		{55B23796-B3FB-4926-9567-9D948DEF1FBB}.Debug|Any CPU.ActiveCfg = Debug|Any CPU
		{55B23796-B3FB-4926-9567-9D948DEF1FBB}.Debug|Any CPU.Build.0 = Debug|Any CPU
		{55B23796-B3FB-4926-9567-9D948DEF1FBB}.Release|Any CPU.ActiveCfg = Release|Any CPU
		{55B23796-B3FB-4926-9567-9D948DEF1FBB}.Release|Any CPU.Build.0 = Release|Any CPU
		{836D00C4-9D5B-4D3B-B5C3-CB298EC712D8}.Debug|Any CPU.ActiveCfg = Debug|Any CPU
		{836D00C4-9D5B-4D3B-B5C3-CB298EC712D8}.Debug|Any CPU.Build.0 = Debug|Any CPU
		{836D00C4-9D5B-4D3B-B5C3-CB298EC712D8}.Release|Any CPU.ActiveCfg = Release|Any CPU
		{836D00C4-9D5B-4D3B-B5C3-CB298EC712D8}.Release|Any CPU.Build.0 = Release|Any CPU
		{86E6793C-BC04-463E-8E46-648E8EE369A2}.Debug|Any CPU.ActiveCfg = Debug|Any CPU
		{86E6793C-BC04-463E-8E46-648E8EE369A2}.Debug|Any CPU.Build.0 = Debug|Any CPU
		{86E6793C-BC04-463E-8E46-648E8EE369A2}.Release|Any CPU.ActiveCfg = Release|Any CPU
		{86E6793C-BC04-463E-8E46-648E8EE369A2}.Release|Any CPU.Build.0 = Release|Any CPU
		{32350375-0962-4DC3-ABED-01558A35254A}.Debug|Any CPU.ActiveCfg = Debug|Any CPU
		{32350375-0962-4DC3-ABED-01558A35254A}.Debug|Any CPU.Build.0 = Debug|Any CPU
		{32350375-0962-4DC3-ABED-01558A35254A}.Release|Any CPU.ActiveCfg = Release|Any CPU
		{32350375-0962-4DC3-ABED-01558A35254A}.Release|Any CPU.Build.0 = Release|Any CPU
		{31CB31CE-E147-41DC-9235-C1A723A5B220}.Debug|Any CPU.ActiveCfg = Debug|Any CPU
		{31CB31CE-E147-41DC-9235-C1A723A5B220}.Debug|Any CPU.Build.0 = Debug|Any CPU
		{31CB31CE-E147-41DC-9235-C1A723A5B220}.Release|Any CPU.ActiveCfg = Release|Any CPU
		{31CB31CE-E147-41DC-9235-C1A723A5B220}.Release|Any CPU.Build.0 = Release|Any CPU
		{75A4DC59-73A8-4DA2-B83C-FCF46C2DCDCE}.Debug|Any CPU.ActiveCfg = Debug|Any CPU
		{75A4DC59-73A8-4DA2-B83C-FCF46C2DCDCE}.Debug|Any CPU.Build.0 = Debug|Any CPU
		{75A4DC59-73A8-4DA2-B83C-FCF46C2DCDCE}.Release|Any CPU.ActiveCfg = Release|Any CPU
		{75A4DC59-73A8-4DA2-B83C-FCF46C2DCDCE}.Release|Any CPU.Build.0 = Release|Any CPU
		{71490581-5427-486A-BFB8-5107E49FB771}.Debug|Any CPU.ActiveCfg = Debug|Any CPU
		{71490581-5427-486A-BFB8-5107E49FB771}.Debug|Any CPU.Build.0 = Debug|Any CPU
		{71490581-5427-486A-BFB8-5107E49FB771}.Release|Any CPU.ActiveCfg = Release|Any CPU
		{71490581-5427-486A-BFB8-5107E49FB771}.Release|Any CPU.Build.0 = Release|Any CPU
		{D1E51995-8ECE-47A7-B080-3322636D17CD}.Debug|Any CPU.ActiveCfg = Debug|Any CPU
		{D1E51995-8ECE-47A7-B080-3322636D17CD}.Debug|Any CPU.Build.0 = Debug|Any CPU
		{D1E51995-8ECE-47A7-B080-3322636D17CD}.Release|Any CPU.ActiveCfg = Release|Any CPU
		{D1E51995-8ECE-47A7-B080-3322636D17CD}.Release|Any CPU.Build.0 = Release|Any CPU
		{C6209BD3-ABEE-4313-9AB8-5114EDD6F4AF}.Debug|Any CPU.ActiveCfg = Debug|Any CPU
		{C6209BD3-ABEE-4313-9AB8-5114EDD6F4AF}.Debug|Any CPU.Build.0 = Debug|Any CPU
		{C6209BD3-ABEE-4313-9AB8-5114EDD6F4AF}.Release|Any CPU.ActiveCfg = Release|Any CPU
		{C6209BD3-ABEE-4313-9AB8-5114EDD6F4AF}.Release|Any CPU.Build.0 = Release|Any CPU
		{1F4F53A7-E9EF-40CD-85D9-DDD7EBB42C69}.Debug|Any CPU.ActiveCfg = Debug|Any CPU
		{1F4F53A7-E9EF-40CD-85D9-DDD7EBB42C69}.Debug|Any CPU.Build.0 = Debug|Any CPU
		{1F4F53A7-E9EF-40CD-85D9-DDD7EBB42C69}.Release|Any CPU.ActiveCfg = Release|Any CPU
		{1F4F53A7-E9EF-40CD-85D9-DDD7EBB42C69}.Release|Any CPU.Build.0 = Release|Any CPU
		{248DF0DF-B5B2-4D90-9063-E41ABF9453B9}.Debug|Any CPU.ActiveCfg = Debug|Any CPU
		{248DF0DF-B5B2-4D90-9063-E41ABF9453B9}.Debug|Any CPU.Build.0 = Debug|Any CPU
		{248DF0DF-B5B2-4D90-9063-E41ABF9453B9}.Release|Any CPU.ActiveCfg = Release|Any CPU
		{248DF0DF-B5B2-4D90-9063-E41ABF9453B9}.Release|Any CPU.Build.0 = Release|Any CPU
	EndGlobalSection
	GlobalSection(SolutionProperties) = preSolution
		HideSolutionNode = FALSE
	EndGlobalSection
	GlobalSection(ExtensibilityGlobals) = postSolution
		SolutionGuid = {B586A68A-55DB-4223-887F-7C657DC6A55D}
	EndGlobalSection
EndGlobal
